
Microsoft Visual Studio Solution File, Format Version 12.00
# Visual Studio Version 16
VisualStudioVersion = 16.0.29123.88
MinimumVisualStudioVersion = 10.0.40219.1
Project("{FAE04EC0-301F-11D3-BF4B-00C04F79EFBC}") = "S4B.JsonExtensionsNET", "S4B.JsonExtensionsNET\S4B.JsonExtensionsNET.csproj", "{E4638EBB-5111-4AB0-9DF8-8CC5E56738DC}"
EndProject
Project("{FAE04EC0-301F-11D3-BF4B-00C04F79EFBC}") = "S4B.JsonExtensionsNET.Test", "S4B.JsonExtensionsNET.Test\S4B.JsonExtensionsNET.Test.csproj", "{D0735C9C-68F4-4F51-A8FF-4D60DF931D97}"
EndProject
Global
	GlobalSection(SolutionConfigurationPlatforms) = preSolution
		Debug|Any CPU = Debug|Any CPU
		Release|Any CPU = Release|Any CPU
	EndGlobalSection
	GlobalSection(ProjectConfigurationPlatforms) = postSolution
		{E4638EBB-5111-4AB0-9DF8-8CC5E56738DC}.Debug|Any CPU.ActiveCfg = Debug|Any CPU
		{E4638EBB-5111-4AB0-9DF8-8CC5E56738DC}.Debug|Any CPU.Build.0 = Debug|Any CPU
		{E4638EBB-5111-4AB0-9DF8-8CC5E56738DC}.Release|Any CPU.ActiveCfg = Release|Any CPU
		{E4638EBB-5111-4AB0-9DF8-8CC5E56738DC}.Release|Any CPU.Build.0 = Release|Any CPU
		{D0735C9C-68F4-4F51-A8FF-4D60DF931D97}.Debug|Any CPU.ActiveCfg = Debug|Any CPU
		{D0735C9C-68F4-4F51-A8FF-4D60DF931D97}.Debug|Any CPU.Build.0 = Debug|Any CPU
		{D0735C9C-68F4-4F51-A8FF-4D60DF931D97}.Release|Any CPU.ActiveCfg = Release|Any CPU
		{D0735C9C-68F4-4F51-A8FF-4D60DF931D97}.Release|Any CPU.Build.0 = Release|Any CPU
	EndGlobalSection
	GlobalSection(SolutionProperties) = preSolution
		HideSolutionNode = FALSE
	EndGlobalSection
	GlobalSection(ExtensibilityGlobals) = postSolution
		SolutionGuid = {44D548E2-ED6C-475F-80F2-97605683FB53}
	EndGlobalSection
EndGlobal
